
Microsoft Visual Studio Solution File, Format Version 12.00
# Visual Studio Version 17
VisualStudioVersion = 17.0.31903.59
MinimumVisualStudioVersion = 10.0.40219.1
Project("{FAE04EC0-301F-11D3-BF4B-00C04F79EFBC}") = "API", "API\API.csproj", "{E82AC0D4-CDB5-4673-8AA9-4CDF3C9005EE}"
EndProject
Project("{FAE04EC0-301F-11D3-BF4B-00C04F79EFBC}") = "Core", "Core\Core.csproj", "{3675259C-81ED-4C15-8BC6-29EB14EE57E4}"
EndProject
Project("{FAE04EC0-301F-11D3-BF4B-00C04F79EFBC}") = "Infrastructure", "Infrastructure\Infrastructure.csproj", "{A0EB9AD4-DABB-46B3-994B-A6D2CA4CA678}"
EndProject
Global
	GlobalSection(SolutionConfigurationPlatforms) = preSolution
		Debug|Any CPU = Debug|Any CPU
		Release|Any CPU = Release|Any CPU
	EndGlobalSection
	GlobalSection(SolutionProperties) = preSolution
		HideSolutionNode = FALSE
	EndGlobalSection
	GlobalSection(ProjectConfigurationPlatforms) = postSolution
		{E82AC0D4-CDB5-4673-8AA9-4CDF3C9005EE}.Debug|Any CPU.ActiveCfg = Debug|Any CPU
		{E82AC0D4-CDB5-4673-8AA9-4CDF3C9005EE}.Debug|Any CPU.Build.0 = Debug|Any CPU
		{E82AC0D4-CDB5-4673-8AA9-4CDF3C9005EE}.Release|Any CPU.ActiveCfg = Release|Any CPU
		{E82AC0D4-CDB5-4673-8AA9-4CDF3C9005EE}.Release|Any CPU.Build.0 = Release|Any CPU
		{3675259C-81ED-4C15-8BC6-29EB14EE57E4}.Debug|Any CPU.ActiveCfg = Debug|Any CPU
		{3675259C-81ED-4C15-8BC6-29EB14EE57E4}.Debug|Any CPU.Build.0 = Debug|Any CPU
		{3675259C-81ED-4C15-8BC6-29EB14EE57E4}.Release|Any CPU.ActiveCfg = Release|Any CPU
		{3675259C-81ED-4C15-8BC6-29EB14EE57E4}.Release|Any CPU.Build.0 = Release|Any CPU
		{A0EB9AD4-DABB-46B3-994B-A6D2CA4CA678}.Debug|Any CPU.ActiveCfg = Debug|Any CPU
		{A0EB9AD4-DABB-46B3-994B-A6D2CA4CA678}.Debug|Any CPU.Build.0 = Debug|Any CPU
		{A0EB9AD4-DABB-46B3-994B-A6D2CA4CA678}.Release|Any CPU.ActiveCfg = Release|Any CPU
		{A0EB9AD4-DABB-46B3-994B-A6D2CA4CA678}.Release|Any CPU.Build.0 = Release|Any CPU
	EndGlobalSection
EndGlobal
